
Microsoft Visual Studio Solution File, Format Version 12.00
# Visual Studio 15
VisualStudioVersion = 15.0.28010.2026
MinimumVisualStudioVersion = 10.0.40219.1
Project("{FAE04EC0-301F-11D3-BF4B-00C04F79EFBC}") = "YLOAuth2", "YLOAuth2\YLOAuth2.csproj", "{8EB606B5-B036-4588-ABA4-193B145215C3}"
EndProject
Global
	GlobalSection(SolutionConfigurationPlatforms) = preSolution
		Debug|Any CPU = Debug|Any CPU
		Release|Any CPU = Release|Any CPU
	EndGlobalSection
	GlobalSection(ProjectConfigurationPlatforms) = postSolution
		{8EB606B5-B036-4588-ABA4-193B145215C3}.Debug|Any CPU.ActiveCfg = Debug|Any CPU
		{8EB606B5-B036-4588-ABA4-193B145215C3}.Debug|Any CPU.Build.0 = Debug|Any CPU
		{8EB606B5-B036-4588-ABA4-193B145215C3}.Release|Any CPU.ActiveCfg = Release|Any CPU
		{8EB606B5-B036-4588-ABA4-193B145215C3}.Release|Any CPU.Build.0 = Release|Any CPU
	EndGlobalSection
	GlobalSection(SolutionProperties) = preSolution
		HideSolutionNode = FALSE
	EndGlobalSection
	GlobalSection(ExtensibilityGlobals) = postSolution
		SolutionGuid = {75E81ED8-A690-4EA3-A2F6-4B766D643DD3}
	EndGlobalSection
EndGlobal
